
Microsoft Visual Studio Solution File, Format Version 12.00
# Visual Studio Version 16
VisualStudioVersion = 16.0.31112.23
MinimumVisualStudioVersion = 10.0.40219.1
Project("{9A19103F-16F7-4668-BE54-9A1E7A4F7556}") = "Entities", "Entities\Entities.csproj", "{F67E90A8-12AC-4958-88DF-B8EE5A36FF8F}"
EndProject
Project("{9A19103F-16F7-4668-BE54-9A1E7A4F7556}") = "DataAccess", "DataAccess\DataAccess.csproj", "{C9346816-AB22-414C-965C-CE428FA4E921}"
EndProject
Project("{9A19103F-16F7-4668-BE54-9A1E7A4F7556}") = "Business", "Business\Business.csproj", "{3F3B39BE-EAA7-441E-B53B-3536068D2EB9}"
EndProject
Project("{9A19103F-16F7-4668-BE54-9A1E7A4F7556}") = "ConsoleUI", "ConsoleUI\ConsoleUI.csproj", "{C83FA5B1-8E6E-4F2F-AD71-E09D2C71F816}"
EndProject
Project("{FAE04EC0-301F-11D3-BF4B-00C04F79EFBC}") = "Core", "Core\Core.csproj", "{B59DD1D8-528E-488E-A384-72F877962896}"
EndProject
Global
	GlobalSection(SolutionConfigurationPlatforms) = preSolution
		Debug|Any CPU = Debug|Any CPU
		Release|Any CPU = Release|Any CPU
	EndGlobalSection
	GlobalSection(ProjectConfigurationPlatforms) = postSolution
		{F67E90A8-12AC-4958-88DF-B8EE5A36FF8F}.Debug|Any CPU.ActiveCfg = Debug|Any CPU
		{F67E90A8-12AC-4958-88DF-B8EE5A36FF8F}.Debug|Any CPU.Build.0 = Debug|Any CPU
		{F67E90A8-12AC-4958-88DF-B8EE5A36FF8F}.Release|Any CPU.ActiveCfg = Release|Any CPU
		{F67E90A8-12AC-4958-88DF-B8EE5A36FF8F}.Release|Any CPU.Build.0 = Release|Any CPU
		{C9346816-AB22-414C-965C-CE428FA4E921}.Debug|Any CPU.ActiveCfg = Debug|Any CPU
		{C9346816-AB22-414C-965C-CE428FA4E921}.Debug|Any CPU.Build.0 = Debug|Any CPU
		{C9346816-AB22-414C-965C-CE428FA4E921}.Release|Any CPU.ActiveCfg = Release|Any CPU
		{C9346816-AB22-414C-965C-CE428FA4E921}.Release|Any CPU.Build.0 = Release|Any CPU
		{3F3B39BE-EAA7-441E-B53B-3536068D2EB9}.Debug|Any CPU.ActiveCfg = Debug|Any CPU
		{3F3B39BE-EAA7-441E-B53B-3536068D2EB9}.Debug|Any CPU.Build.0 = Debug|Any CPU
		{3F3B39BE-EAA7-441E-B53B-3536068D2EB9}.Release|Any CPU.ActiveCfg = Release|Any CPU
		{3F3B39BE-EAA7-441E-B53B-3536068D2EB9}.Release|Any CPU.Build.0 = Release|Any CPU
		{C83FA5B1-8E6E-4F2F-AD71-E09D2C71F816}.Debug|Any CPU.ActiveCfg = Debug|Any CPU
		{C83FA5B1-8E6E-4F2F-AD71-E09D2C71F816}.Debug|Any CPU.Build.0 = Debug|Any CPU
		{C83FA5B1-8E6E-4F2F-AD71-E09D2C71F816}.Release|Any CPU.ActiveCfg = Release|Any CPU
		{C83FA5B1-8E6E-4F2F-AD71-E09D2C71F816}.Release|Any CPU.Build.0 = Release|Any CPU
		{B59DD1D8-528E-488E-A384-72F877962896}.Debug|Any CPU.ActiveCfg = Debug|Any CPU
		{B59DD1D8-528E-488E-A384-72F877962896}.Debug|Any CPU.Build.0 = Debug|Any CPU
		{B59DD1D8-528E-488E-A384-72F877962896}.Release|Any CPU.ActiveCfg = Release|Any CPU
		{B59DD1D8-528E-488E-A384-72F877962896}.Release|Any CPU.Build.0 = Release|Any CPU
	EndGlobalSection
	GlobalSection(SolutionProperties) = preSolution
		HideSolutionNode = FALSE
	EndGlobalSection
	GlobalSection(ExtensibilityGlobals) = postSolution
		SolutionGuid = {D9ED3016-3807-4DBB-803F-C5036C8070CF}
	EndGlobalSection
EndGlobal
